
Microsoft Visual Studio Solution File, Format Version 12.00
# Visual Studio Version 17
VisualStudioVersion = 17.5.33424.131
MinimumVisualStudioVersion = 10.0.40219.1
Project("{FAE04EC0-301F-11D3-BF4B-00C04F79EFBC}") = "SimpleCrawler", "SimpleCrawler\SimpleCrawler.csproj", "{A19B3D15-830A-4DA5-AF55-CBE010A8CDFD}"
EndProject
Global
	GlobalSection(SolutionConfigurationPlatforms) = preSolution
		Debug|Any CPU = Debug|Any CPU
		Release|Any CPU = Release|Any CPU
	EndGlobalSection
	GlobalSection(ProjectConfigurationPlatforms) = postSolution
		{A19B3D15-830A-4DA5-AF55-CBE010A8CDFD}.Debug|Any CPU.ActiveCfg = Debug|Any CPU
		{A19B3D15-830A-4DA5-AF55-CBE010A8CDFD}.Debug|Any CPU.Build.0 = Debug|Any CPU
		{A19B3D15-830A-4DA5-AF55-CBE010A8CDFD}.Release|Any CPU.ActiveCfg = Release|Any CPU
		{A19B3D15-830A-4DA5-AF55-CBE010A8CDFD}.Release|Any CPU.Build.0 = Release|Any CPU
	EndGlobalSection
	GlobalSection(SolutionProperties) = preSolution
		HideSolutionNode = FALSE
	EndGlobalSection
	GlobalSection(ExtensibilityGlobals) = postSolution
		SolutionGuid = {28988CC8-0CFD-4997-B851-9BA3B196B91B}
	EndGlobalSection
EndGlobal
