
Microsoft Visual Studio Solution File, Format Version 12.00
# Visual Studio Version 17
VisualStudioVersion = 17.3.32929.385
MinimumVisualStudioVersion = 10.0.40219.1
Project("{FAE04EC0-301F-11D3-BF4B-00C04F79EFBC}") = "Array", "Array\Array.csproj", "{BF0180F2-73AE-4CC1-A6BD-D259E8E62AF4}"
EndProject
Global
	GlobalSection(SolutionConfigurationPlatforms) = preSolution
		Debug|Any CPU = Debug|Any CPU
		Release|Any CPU = Release|Any CPU
	EndGlobalSection
	GlobalSection(ProjectConfigurationPlatforms) = postSolution
		{BF0180F2-73AE-4CC1-A6BD-D259E8E62AF4}.Debug|Any CPU.ActiveCfg = Debug|Any CPU
		{BF0180F2-73AE-4CC1-A6BD-D259E8E62AF4}.Debug|Any CPU.Build.0 = Debug|Any CPU
		{BF0180F2-73AE-4CC1-A6BD-D259E8E62AF4}.Release|Any CPU.ActiveCfg = Release|Any CPU
		{BF0180F2-73AE-4CC1-A6BD-D259E8E62AF4}.Release|Any CPU.Build.0 = Release|Any CPU
	EndGlobalSection
	GlobalSection(SolutionProperties) = preSolution
		HideSolutionNode = FALSE
	EndGlobalSection
	GlobalSection(ExtensibilityGlobals) = postSolution
		SolutionGuid = {C85ECEFE-5FBE-43D3-BA59-ACDB55C2B283}
	EndGlobalSection
EndGlobal
